
Microsoft Visual Studio Solution File, Format Version 12.00
# Visual Studio Version 17
VisualStudioVersion = 17.8.34316.72
MinimumVisualStudioVersion = 10.0.40219.1
Project("{FAE04EC0-301F-11D3-BF4B-00C04F79EFBC}") = "ETL Manager", "ETL Manager.csproj", "{AB44E10D-AEC2-44B3-80D6-3CB087B94616}"
EndProject
Global
	GlobalSection(SolutionConfigurationPlatforms) = preSolution
		Debug|Any CPU = Debug|Any CPU
		Release|Any CPU = Release|Any CPU
	EndGlobalSection
	GlobalSection(ProjectConfigurationPlatforms) = postSolution
		{AB44E10D-AEC2-44B3-80D6-3CB087B94616}.Debug|Any CPU.ActiveCfg = Debug|Any CPU
		{AB44E10D-AEC2-44B3-80D6-3CB087B94616}.Debug|Any CPU.Build.0 = Debug|Any CPU
		{AB44E10D-AEC2-44B3-80D6-3CB087B94616}.Release|Any CPU.ActiveCfg = Release|Any CPU
		{AB44E10D-AEC2-44B3-80D6-3CB087B94616}.Release|Any CPU.Build.0 = Release|Any CPU
	EndGlobalSection
	GlobalSection(SolutionProperties) = preSolution
		HideSolutionNode = FALSE
	EndGlobalSection
	GlobalSection(ExtensibilityGlobals) = postSolution
		SolutionGuid = {1714CB65-B915-4F80-83CC-6CF240C78B7F}
	EndGlobalSection
EndGlobal
